Microsoft Visual Studio Solution File, Format Version 12.00
# Visual Studio Version 17
VisualStudioVersion = 17.9.34310.50
MinimumVisualStudioVersion = 10.0.40219.1
Project("{9A19103F-16F7-4668-BE54-9A1E7A4F7556}") = "FindWords.Web", "FindWords.Web\FindWords.Web.csproj", "{C6931608-1A76-4711-A17A-940B36256B38}"
EndProject
Project("{9A19103F-16F7-4668-BE54-9A1E7A4F7556}") = "FindWords.Shared", "FindWords.Shared\FindWords.Shared.csproj", "{F62CEB67-45D5-40A6-90A4-92A44AADE374}"
EndProject
Project("{9A19103F-16F7-4668-BE54-9A1E7A4F7556}") = "FindWords.Test", "FindWords.Test\FindWords.Test.csproj", "{EF2150FE-E4A6-4022-A4AB-81BE2F153FD2}"
EndProject
Project("{9A19103F-16F7-4668-BE54-9A1E7A4F7556}") = "FindWords.Console", "FindWords.Console\FindWords.Console.csproj", "{A5F99931-396B-47AA-BEDE-1BA82EA7047F}"
EndProject
Project("{FAE04EC0-301F-11D3-BF4B-00C04F79EFBC}") = "FindWords.Benchmarks", "FindWords.Benchmarks\FindWords.Benchmarks.csproj", "{EF3D83A3-EF9A-4BF1-AD46-A4C1AA3D1D46}"
EndProject
Global
	GlobalSection(SolutionConfigurationPlatforms) = preSolution
		Debug|Any CPU = Debug|Any CPU
		Release|Any CPU = Release|Any CPU
	EndGlobalSection
	GlobalSection(ProjectConfigurationPlatforms) = postSolution
		{C6931608-1A76-4711-A17A-940B36256B38}.Debug|Any CPU.ActiveCfg = Debug|Any CPU
		{C6931608-1A76-4711-A17A-940B36256B38}.Debug|Any CPU.Build.0 = Debug|Any CPU
		{C6931608-1A76-4711-A17A-940B36256B38}.Release|Any CPU.ActiveCfg = Release|Any CPU
		{C6931608-1A76-4711-A17A-940B36256B38}.Release|Any CPU.Build.0 = Release|Any CPU
		{F62CEB67-45D5-40A6-90A4-92A44AADE374}.Debug|Any CPU.ActiveCfg = Debug|Any CPU
		{F62CEB67-45D5-40A6-90A4-92A44AADE374}.Debug|Any CPU.Build.0 = Debug|Any CPU
		{F62CEB67-45D5-40A6-90A4-92A44AADE374}.Release|Any CPU.ActiveCfg = Release|Any CPU
		{F62CEB67-45D5-40A6-90A4-92A44AADE374}.Release|Any CPU.Build.0 = Release|Any CPU
		{EF2150FE-E4A6-4022-A4AB-81BE2F153FD2}.Debug|Any CPU.ActiveCfg = Debug|Any CPU
		{EF2150FE-E4A6-4022-A4AB-81BE2F153FD2}.Debug|Any CPU.Build.0 = Debug|Any CPU
		{EF2150FE-E4A6-4022-A4AB-81BE2F153FD2}.Release|Any CPU.ActiveCfg = Release|Any CPU
		{EF2150FE-E4A6-4022-A4AB-81BE2F153FD2}.Release|Any CPU.Build.0 = Release|Any CPU
		{A5F99931-396B-47AA-BEDE-1BA82EA7047F}.Debug|Any CPU.ActiveCfg = Debug|Any CPU
		{A5F99931-396B-47AA-BEDE-1BA82EA7047F}.Debug|Any CPU.Build.0 = Debug|Any CPU
		{A5F99931-396B-47AA-BEDE-1BA82EA7047F}.Release|Any CPU.ActiveCfg = Release|Any CPU
		{A5F99931-396B-47AA-BEDE-1BA82EA7047F}.Release|Any CPU.Build.0 = Release|Any CPU
		{EF3D83A3-EF9A-4BF1-AD46-A4C1AA3D1D46}.Debug|Any CPU.ActiveCfg = Debug|Any CPU
		{EF3D83A3-EF9A-4BF1-AD46-A4C1AA3D1D46}.Debug|Any CPU.Build.0 = Debug|Any CPU
		{EF3D83A3-EF9A-4BF1-AD46-A4C1AA3D1D46}.Release|Any CPU.ActiveCfg = Release|Any CPU
		{EF3D83A3-EF9A-4BF1-AD46-A4C1AA3D1D46}.Release|Any CPU.Build.0 = Release|Any CPU
	EndGlobalSection
	GlobalSection(SolutionProperties) = preSolution
		HideSolutionNode = FALSE
	EndGlobalSection
	GlobalSection(ExtensibilityGlobals) = postSolution
		SolutionGuid = {81BD2B17-F1BD-47AF-B650-91CFD1BBD16A}
	EndGlobalSection
EndGlobal
